// !$*UTF8*$!
{
	archiveVersion = 1;
	classes = {
	};
	objectVersion = 50;
	objects = {

/* Begin PBXBuildFile section */
		CDB9EA5A25D8B47B00596500 /* AfricaApp.swift in Sources */ = {isa = PBXBuildFile; fileRef = CDB9EA5925D8B47B00596500 /* AfricaApp.swift */; };
		CDB9EA5C25D8B47B00596500 /* ContentView.swift in Sources */ = {isa = PBXBuildFile; fileRef = CDB9EA5B25D8B47B00596500 /* ContentView.swift */; };
		CDB9EA5E25D8B47D00596500 /* Assets.xcassets in Resources */ = {isa = PBXBuildFile; fileRef = CDB9EA5D25D8B47D00596500 /* Assets.xcassets */; };
		CDB9EA6125D8B47D00596500 /* Preview Assets.xcassets in Resources */ = {isa = PBXBuildFile; fileRef = CDB9EA6025D8B47D00596500 /* Preview Assets.xcassets */; };
		CDB9EA7425D8C31F00596500 /* zebra.mp4 in Resources */ = {isa = PBXBuildFile; fileRef = CDB9EA6A25D8C31F00596500 /* zebra.mp4 */; };
		CDB9EA7525D8C31F00596500 /* elephant.mp4 in Resources */ = {isa = PBXBuildFile; fileRef = CDB9EA6B25D8C31F00596500 /* elephant.mp4 */; };
		CDB9EA7625D8C31F00596500 /* lion.mp4 in Resources */ = {isa = PBXBuildFile; fileRef = CDB9EA6C25D8C31F00596500 /* lion.mp4 */; };
		CDB9EA7725D8C31F00596500 /* rhino.mp4 in Resources */ = {isa = PBXBuildFile; fileRef = CDB9EA6D25D8C31F00596500 /* rhino.mp4 */; };
		CDB9EA7825D8C31F00596500 /* lioness.mp4 in Resources */ = {isa = PBXBuildFile; fileRef = CDB9EA6E25D8C31F00596500 /* lioness.mp4 */; };
		CDB9EA7925D8C31F00596500 /* giraffe.mp4 in Resources */ = {isa = PBXBuildFile; fileRef = CDB9EA6F25D8C31F00596500 /* giraffe.mp4 */; };
		CDB9EA7A25D8C31F00596500 /* gorilla.mp4 in Resources */ = {isa = PBXBuildFile; fileRef = CDB9EA7025D8C31F00596500 /* gorilla.mp4 */; };
		CDB9EA7B25D8C31F00596500 /* cheetah.mp4 in Resources */ = {isa = PBXBuildFile; fileRef = CDB9EA7125D8C31F00596500 /* cheetah.mp4 */; };
		CDB9EA7C25D8C31F00596500 /* ostrich.mp4 in Resources */ = {isa = PBXBuildFile; fileRef = CDB9EA7225D8C31F00596500 /* ostrich.mp4 */; };
		CDB9EA7D25D8C31F00596500 /* hippo.mp4 in Resources */ = {isa = PBXBuildFile; fileRef = CDB9EA7325D8C31F00596500 /* hippo.mp4 */; };
		CDB9EA8425D8C35800596500 /* animals.json in Resources */ = {isa = PBXBuildFile; fileRef = CDB9EA8025D8C35800596500 /* animals.json */; };
		CDB9EA8525D8C35800596500 /* covers.json in Resources */ = {isa = PBXBuildFile; fileRef = CDB9EA8125D8C35800596500 /* covers.json */; };
		CDB9EA8625D8C35800596500 /* locations.json in Resources */ = {isa = PBXBuildFile; fileRef = CDB9EA8225D8C35800596500 /* locations.json */; };
		CDB9EA8725D8C35800596500 /* videos.json in Resources */ = {isa = PBXBuildFile; fileRef = CDB9EA8325D8C35800596500 /* videos.json */; };
		CDB9EA8D25D8C59100596500 /* VideoListView.swift in Sources */ = {isa = PBXBuildFile; fileRef = CDB9EA8C25D8C59100596500 /* VideoListView.swift */; };
		CDB9EA9025D8C5AF00596500 /* MapView.swift in Sources */ = {isa = PBXBuildFile; fileRef = CDB9EA8F25D8C5AF00596500 /* MapView.swift */; };
		CDB9EA9325D8C5DB00596500 /* GalleryView.swift in Sources */ = {isa = PBXBuildFile; fileRef = CDB9EA9225D8C5DB00596500 /* GalleryView.swift */; };
		CDB9EA9625D8C5F200596500 /* MainView.swift in Sources */ = {isa = PBXBuildFile; fileRef = CDB9EA9525D8C5F200596500 /* MainView.swift */; };
/* End PBXBuildFile section */

/* Begin PBXFileReference section */
		CDB9EA5625D8B47B00596500 /* Africa.app */ = {isa = PBXFileReference; explicitFileType = wrapper.application; includeInIndex = 0; path = Africa.app; sourceTree = BUILT_PRODUCTS_DIR; };
		CDB9EA5925D8B47B00596500 /* AfricaApp.swift */ = {isa = PBXFileReference; lastKnownFileType = sourcecode.swift; path = AfricaApp.swift; sourceTree = "<group>"; };
		CDB9EA5B25D8B47B00596500 /* ContentView.swift */ = {isa = PBXFileReference; lastKnownFileType = sourcecode.swift; path = ContentView.swift; sourceTree = "<group>"; };
		CDB9EA5D25D8B47D00596500 /* Assets.xcassets */ = {isa = PBXFileReference; lastKnownFileType = folder.assetcatalog; path = Assets.xcassets; sourceTree = "<group>"; };
		CDB9EA6025D8B47D00596500 /* Preview Assets.xcassets */ = {isa = PBXFileReference; lastKnownFileType = folder.assetcatalog; path = "Preview Assets.xcassets"; sourceTree = "<group>"; };
		CDB9EA6225D8B47D00596500 /* Info.plist */ = {isa = PBXFileReference; lastKnownFileType = text.plist.xml; path = Info.plist; sourceTree = "<group>"; };
		CDB9EA6A25D8C31F00596500 /* zebra.mp4 */ = {isa = PBXFileReference; lastKnownFileType = file; path = zebra.mp4; sourceTree = "<group>"; };
		CDB9EA6B25D8C31F00596500 /* elephant.mp4 */ = {isa = PBXFileReference; lastKnownFileType = file; path = elephant.mp4; sourceTree = "<group>"; };
		CDB9EA6C25D8C31F00596500 /* lion.mp4 */ = {isa = PBXFileReference; lastKnownFileType = file; path = lion.mp4; sourceTree = "<group>"; };
		CDB9EA6D25D8C31F00596500 /* rhino.mp4 */ = {isa = PBXFileReference; lastKnownFileType = file; path = rhino.mp4; sourceTree = "<group>"; };
		CDB9EA6E25D8C31F00596500 /* lioness.mp4 */ = {isa = PBXFileReference; lastKnownFileType = file; path = lioness.mp4; sourceTree = "<group>"; };
		CDB9EA6F25D8C31F00596500 /* giraffe.mp4 */ = {isa = PBXFileReference; lastKnownFileType = file; path = giraffe.mp4; sourceTree = "<group>"; };
		CDB9EA7025D8C31F00596500 /* gorilla.mp4 */ = {isa = PBXFileReference; lastKnownFileType = file; path = gorilla.mp4; sourceTree = "<group>"; };
		CDB9EA7125D8C31F00596500 /* cheetah.mp4 */ = {isa = PBXFileReference; lastKnownFileType = file; path = cheetah.mp4; sourceTree = "<group>"; };
		CDB9EA7225D8C31F00596500 /* ostrich.mp4 */ = {isa = PBXFileReference; lastKnownFileType = file; path = ostrich.mp4; sourceTree = "<group>"; };
		CDB9EA7325D8C31F00596500 /* hippo.mp4 */ = {isa = PBXFileReference; lastKnownFileType = file; path = hippo.mp4; sourceTree = "<group>"; };
		CDB9EA8025D8C35800596500 /* animals.json */ = {isa = PBXFileReference; fileEncoding = 4; lastKnownFileType = text.json; path = animals.json; sourceTree = "<group>"; };
		CDB9EA8125D8C35800596500 /* covers.json */ = {isa = PBXFileReference; fileEncoding = 4; lastKnownFileType = text.json; path = covers.json; sourceTree = "<group>"; };
		CDB9EA8225D8C35800596500 /* locations.json */ = {isa = PBXFileReference; fileEncoding = 4; lastKnownFileType = text.json; path = locations.json; sourceTree = "<group>"; };
		CDB9EA8325D8C35800596500 /* videos.json */ = {isa = PBXFileReference; fileEncoding = 4; lastKnownFileType = text.json; path = videos.json; sourceTree = "<group>"; };
		CDB9EA8C25D8C59100596500 /* VideoListView.swift */ = {isa = PBXFileReference; lastKnownFileType = sourcecode.swift; path = VideoListView.swift; sourceTree = "<group>"; };
		CDB9EA8F25D8C5AF00596500 /* MapView.swift */ = {isa = PBXFileReference; lastKnownFileType = sourcecode.swift; path = MapView.swift; sourceTree = "<group>"; };
		CDB9EA9225D8C5DB00596500 /* GalleryView.swift */ = {isa = PBXFileReference; lastKnownFileType = sourcecode.swift; path = GalleryView.swift; sourceTree = "<group>"; };
		CDB9EA9525D8C5F200596500 /* MainView.swift */ = {isa = PBXFileReference; lastKnownFileType = sourcecode.swift; path = MainView.swift; sourceTree = "<group>"; };
/* End PBXFileReference section */

/* Begin PBXFrameworksBuildPhase section */
		CDB9EA5325D8B47B00596500 /* Frameworks */ = {
			isa = PBXFrameworksBuildPhase;
			buildActionMask = 2147483647;
			files = (
			);
			runOnlyForDeploymentPostprocessing = 0;
		};
/* End PBXFrameworksBuildPhase section */

/* Begin PBXGroup section */
		CDB9EA4D25D8B47B00596500 = {
			isa = PBXGroup;
			children = (
				CDB9EA5825D8B47B00596500 /* Africa */,
				CDB9EA5725D8B47B00596500 /* Products */,
			);
			sourceTree = "<group>";
		};
		CDB9EA5725D8B47B00596500 /* Products */ = {
			isa = PBXGroup;
			children = (
				CDB9EA5625D8B47B00596500 /* Africa.app */,
			);
			name = Products;
			sourceTree = "<group>";
		};
		CDB9EA5825D8B47B00596500 /* Africa */ = {
			isa = PBXGroup;
			children = (
				CDB9EA7F25D8C34500596500 /* Data */,
				CDB9EA6925D8C2F900596500 /* Video */,
				CDB9EA8A25D8C55900596500 /* App */,
				CDB9EA5D25D8B47D00596500 /* Assets.xcassets */,
				CDB9EA6225D8B47D00596500 /* Info.plist */,
				CDB9EA5F25D8B47D00596500 /* Preview Content */,
			);
			path = Africa;
			sourceTree = "<group>";
		};
		CDB9EA5F25D8B47D00596500 /* Preview Content */ = {
			isa = PBXGroup;
			children = (
				CDB9EA6025D8B47D00596500 /* Preview Assets.xcassets */,
			);
			path = "Preview Content";
			sourceTree = "<group>";
		};
		CDB9EA6925D8C2F900596500 /* Video */ = {
			isa = PBXGroup;
			children = (
				CDB9EA7125D8C31F00596500 /* cheetah.mp4 */,
				CDB9EA6B25D8C31F00596500 /* elephant.mp4 */,
				CDB9EA6F25D8C31F00596500 /* giraffe.mp4 */,
				CDB9EA7025D8C31F00596500 /* gorilla.mp4 */,
				CDB9EA7325D8C31F00596500 /* hippo.mp4 */,
				CDB9EA6C25D8C31F00596500 /* lion.mp4 */,
				CDB9EA6E25D8C31F00596500 /* lioness.mp4 */,
				CDB9EA7225D8C31F00596500 /* ostrich.mp4 */,
				CDB9EA6D25D8C31F00596500 /* rhino.mp4 */,
				CDB9EA6A25D8C31F00596500 /* zebra.mp4 */,
			);
			path = Video;
			sourceTree = "<group>";
		};
		CDB9EA7F25D8C34500596500 /* Data */ = {
			isa = PBXGroup;
			children = (
				CDB9EA8025D8C35800596500 /* animals.json */,
				CDB9EA8125D8C35800596500 /* covers.json */,
				CDB9EA8225D8C35800596500 /* locations.json */,
				CDB9EA8325D8C35800596500 /* videos.json */,
			);
			path = Data;
			sourceTree = "<group>";
		};
		CDB9EA8A25D8C55900596500 /* App */ = {
			isa = PBXGroup;
			children = (
				CDB9EA5925D8B47B00596500 /* AfricaApp.swift */,
				CDB9EA5B25D8B47B00596500 /* ContentView.swift */,
				CDB9EA8C25D8C59100596500 /* VideoListView.swift */,
				CDB9EA8F25D8C5AF00596500 /* MapView.swift */,
				CDB9EA9225D8C5DB00596500 /* GalleryView.swift */,
				CDB9EA9525D8C5F200596500 /* MainView.swift */,
			);
			path = App;
			sourceTree = "<group>";
		};
/* End PBXGroup section */

/* Begin PBXNativeTarget section */
		CDB9EA5525D8B47B00596500 /* Africa */ = {
			isa = PBXNativeTarget;
			buildConfigurationList = CDB9EA6525D8B47D00596500 /* Build configuration list for PBXNativeTarget "Africa" */;
			buildPhases = (
				CDB9EA5225D8B47B00596500 /* Sources */,
				CDB9EA5325D8B47B00596500 /* Frameworks */,
				CDB9EA5425D8B47B00596500 /* Resources */,
			);
			buildRules = (
			);
			dependencies = (
			);
			name = Africa;
			productName = Africa;
			productReference = CDB9EA5625D8B47B00596500 /* Africa.app */;
			productType = "com.apple.product-type.application";
		};
/* End PBXNativeTarget section */

/* Begin PBXProject section */
		CDB9EA4E25D8B47B00596500 /* Project object */ = {
			isa = PBXProject;
			attributes = {
				LastSwiftUpdateCheck = 1220;
				LastUpgradeCheck = 1220;
				TargetAttributes = {
					CDB9EA5525D8B47B00596500 = {
						CreatedOnToolsVersion = 12.2;
					};
				};
			};
			buildConfigurationList = CDB9EA5125D8B47B00596500 /* Build configuration list for PBXProject "Africa" */;
			compatibilityVersion = "Xcode 9.3";
			developmentRegion = en;
			hasScannedForEncodings = 0;
			knownRegions = (
				en,
				Base,
			);
			mainGroup = CDB9EA4D25D8B47B00596500;
			productRefGroup = CDB9EA5725D8B47B00596500 /* Products */;
			projectDirPath = "";
			projectRoot = "";
			targets = (
				CDB9EA5525D8B47B00596500 /* Africa */,
			);
		};
/* End PBXProject section */

/* Begin PBXResourcesBuildPhase section */
		CDB9EA5425D8B47B00596500 /* Resources */ = {
			isa = PBXResourcesBuildPhase;
			buildActionMask = 2147483647;
			files = (
				CDB9EA7725D8C31F00596500 /* rhino.mp4 in Resources */,
				CDB9EA7A25D8C31F00596500 /* gorilla.mp4 in Resources */,
				CDB9EA7525D8C31F00596500 /* elephant.mp4 in Resources */,
				CDB9EA6125D8B47D00596500 /* Preview Assets.xcassets in Resources */,
				CDB9EA7D25D8C31F00596500 /* hippo.mp4 in Resources */,
				CDB9EA7425D8C31F00596500 /* zebra.mp4 in Resources */,
				CDB9EA7625D8C31F00596500 /* lion.mp4 in Resources */,
				CDB9EA8625D8C35800596500 /* locations.json in Resources */,
				CDB9EA8525D8C35800596500 /* covers.json in Resources */,
				CDB9EA8425D8C35800596500 /* animals.json in Resources */,
				CDB9EA7B25D8C31F00596500 /* cheetah.mp4 in Resources */,
				CDB9EA7825D8C31F00596500 /* lioness.mp4 in Resources */,
				CDB9EA7925D8C31F00596500 /* giraffe.mp4 in Resources */,
				CDB9EA8725D8C35800596500 /* videos.json in Resources */,
				CDB9EA5E25D8B47D00596500 /* Assets.xcassets in Resources */,
				CDB9EA7C25D8C31F00596500 /* ostrich.mp4 in Resources */,
			);
			runOnlyForDeploymentPostprocessing = 0;
		};
/* End PBXResourcesBuildPhase section */

/* Begin PBXSourcesBuildPhase section */
		CDB9EA5225D8B47B00596500 /* Sources */ = {
			isa = PBXSourcesBuildPhase;
			buildActionMask = 2147483647;
			files = (
				CDB9EA5C25D8B47B00596500 /* ContentView.swift in Sources */,
				CDB9EA9625D8C5F200596500 /* MainView.swift in Sources */,
				CDB9EA9025D8C5AF00596500 /* MapView.swift in Sources */,
				CDB9EA5A25D8B47B00596500 /* AfricaApp.swift in Sources */,
				CDB9EA8D25D8C59100596500 /* VideoListView.swift in Sources */,
				CDB9EA9325D8C5DB00596500 /* GalleryView.swift in Sources */,
			);
			runOnlyForDeploymentPostprocessing = 0;
		};
/* End PBXSourcesBuildPhase section */

/* Begin XCBuildConfiguration section */
		CDB9EA6325D8B47D00596500 /* Debug */ = {
			isa = XCBuildConfiguration;
			buildSettings = {
				ALWAYS_SEARCH_USER_PATHS = NO;
				CLANG_ANALYZER_NONNULL = YES;
				CLANG_ANALYZER_NUMBER_OBJECT_CONVERSION = YES_AGGRESSIVE;
				CLANG_CXX_LANGUAGE_STANDARD = "gnu++14";
				CLANG_CXX_LIBRARY = "libc++";
				CLANG_ENABLE_MODULES = YES;
				CLANG_ENABLE_OBJC_ARC = YES;
				CLANG_ENABLE_OBJC_WEAK = YES;
				CLANG_WARN_BLOCK_CAPTURE_AUTORELEASING = YES;
				CLANG_WARN_BOOL_CONVERSION = YES;
				CLANG_WARN_COMMA = YES;
				CLANG_WARN_CONSTANT_CONVERSION = YES;
				CLANG_WARN_DEPRECATED_OBJC_IMPLEMENTATIONS = YES;
				CLANG_WARN_DIRECT_OBJC_ISA_USAGE = YES_ERROR;
				CLANG_WARN_DOCUMENTATION_COMMENTS = YES;
				CLANG_WARN_EMPTY_BODY = YES;
				CLANG_WARN_ENUM_CONVERSION = YES;
				CLANG_WARN_INFINITE_RECURSION = YES;
				CLANG_WARN_INT_CONVERSION = YES;
				CLANG_WARN_NON_LITERAL_NULL_CONVERSION = YES;
				CLANG_WARN_OBJC_IMPLICIT_RETAIN_SELF = YES;
				CLANG_WARN_OBJC_LITERAL_CONVERSION = YES;
				CLANG_WARN_OBJC_ROOT_CLASS = YES_ERROR;
				CLANG_WARN_QUOTED_INCLUDE_IN_FRAMEWORK_HEADER = YES;
				CLANG_WARN_RANGE_LOOP_ANALYSIS = YES;
				CLANG_WARN_STRICT_PROTOTYPES = YES;
				CLANG_WARN_SUSPICIOUS_MOVE = YES;
				CLANG_WARN_UNGUARDED_AVAILABILITY = YES_AGGRESSIVE;
				CLANG_WARN_UNREACHABLE_CODE = YES;
				CLANG_WARN__DUPLICATE_METHOD_MATCH = YES;
				COPY_PHASE_STRIP = NO;
				DEBUG_INFORMATION_FORMAT = dwarf;
				ENABLE_STRICT_OBJC_MSGSEND = YES;
				ENABLE_TESTABILITY = YES;
				GCC_C_LANGUAGE_STANDARD = gnu11;
				GCC_DYNAMIC_NO_PIC = NO;
				GCC_NO_COMMON_BLOCKS = YES;
				GCC_OPTIMIZATION_LEVEL = 0;
				GCC_PREPROCESSOR_DEFINITIONS = (
					"DEBUG=1",
					"$(inherited)",
				);
				GCC_WARN_64_TO_32_BIT_CONVERSION = YES;
				GCC_WARN_ABOUT_RETURN_TYPE = YES_ERROR;
				GCC_WARN_UNDECLARED_SELECTOR = YES;
				GCC_WARN_UNINITIALIZED_AUTOS = YES_AGGRESSIVE;
				GCC_WARN_UNUSED_FUNCTION = YES;
				GCC_WARN_UNUSED_VARIABLE = YES;
				IPHONEOS_DEPLOYMENT_TARGET = 14.2;
				MTL_ENABLE_DEBUG_INFO = INCLUDE_SOURCE;
				MTL_FAST_MATH = YES;
				ONLY_ACTIVE_ARCH = YES;
				SDKROOT = iphoneos;
				SWIFT_ACTIVE_COMPILATION_CONDITIONS = DEBUG;
				SWIFT_OPTIMIZATION_LEVEL = "-Onone";
			};
			name = Debug;
		};
		CDB9EA6425D8B47D00596500 /* Release */ = {
			isa = XCBuildConfiguration;
			buildSettings = {
				ALWAYS_SEARCH_USER_PATHS = NO;
				CLANG_ANALYZER_NONNULL = YES;
				CLANG_ANALYZER_NUMBER_OBJECT_CONVERSION = YES_AGGRESSIVE;
				CLANG_CXX_LANGUAGE_STANDARD = "gnu++14";
				CLANG_CXX_LIBRARY = "libc++";
				CLANG_ENABLE_MODULES = YES;
				CLANG_ENABLE_OBJC_ARC = YES;
				CLANG_ENABLE_OBJC_WEAK = YES;
				CLANG_WARN_BLOCK_CAPTURE_AUTORELEASING = YES;
				CLANG_WARN_BOOL_CONVERSION = YES;
				CLANG_WARN_COMMA = YES;
				CLANG_WARN_CONSTANT_CONVERSION = YES;
				CLANG_WARN_DEPRECATED_OBJC_IMPLEMENTATIONS = YES;
				CLANG_WARN_DIRECT_OBJC_ISA_USAGE = YES_ERROR;
				CLANG_WARN_DOCUMENTATION_COMMENTS = YES;
				CLANG_WARN_EMPTY_BODY = YES;
				CLANG_WARN_ENUM_CONVERSION = YES;
				CLANG_WARN_INFINITE_RECURSION = YES;
				CLANG_WARN_INT_CONVERSION = YES;
				CLANG_WARN_NON_LITERAL_NULL_CONVERSION = YES;
				CLANG_WARN_OBJC_IMPLICIT_RETAIN_SELF = YES;
				CLANG_WARN_OBJC_LITERAL_CONVERSION = YES;
				CLANG_WARN_OBJC_ROOT_CLASS = YES_ERROR;
				CLANG_WARN_QUOTED_INCLUDE_IN_FRAMEWORK_HEADER = YES;
				CLANG_WARN_RANGE_LOOP_ANALYSIS = YES;
				CLANG_WARN_STRICT_PROTOTYPES = YES;
				CLANG_WARN_SUSPICIOUS_MOVE = YES;
				CLANG_WARN_UNGUARDED_AVAILABILITY = YES_AGGRESSIVE;
				CLANG_WARN_UNREACHABLE_CODE = YES;
				CLANG_WARN__DUPLICATE_METHOD_MATCH = YES;
				COPY_PHASE_STRIP = NO;
				DEBUG_INFORMATION_FORMAT = "dwarf-with-dsym";
				ENABLE_NS_ASSERTIONS = NO;
				ENABLE_STRICT_OBJC_MSGSEND = YES;
				GCC_C_LANGUAGE_STANDARD = gnu11;
				GCC_NO_COMMON_BLOCKS = YES;
				GCC_WARN_64_TO_32_BIT_CONVERSION = YES;
				GCC_WARN_ABOUT_RETURN_TYPE = YES_ERROR;
				GCC_WARN_UNDECLARED_SELECTOR = YES;
				GCC_WARN_UNINITIALIZED_AUTOS = YES_AGGRESSIVE;
				GCC_WARN_UNUSED_FUNCTION = YES;
				GCC_WARN_UNUSED_VARIABLE = YES;
				IPHONEOS_DEPLOYMENT_TARGET = 14.2;
				MTL_ENABLE_DEBUG_INFO = NO;
				MTL_FAST_MATH = YES;
				SDKROOT = iphoneos;
				SWIFT_COMPILATION_MODE = wholemodule;
				SWIFT_OPTIMIZATION_LEVEL = "-O";
				VALIDATE_PRODUCT = YES;
			};
			name = Release;
		};
		CDB9EA6625D8B47D00596500 /* Debug */ = {
			isa = XCBuildConfiguration;
			buildSettings = {
				ASSETCATALOG_COMPILER_APPICON_NAME = AppIcon;
				ASSETCATALOG_COMPILER_GLOBAL_ACCENT_COLOR_NAME = AccentColor;
				CODE_SIGN_STYLE = Automatic;
				DEVELOPMENT_ASSET_PATHS = "\"Africa/Preview Content\"";
				DEVELOPMENT_TEAM = L682628XMT;
				ENABLE_PREVIEWS = YES;
				INFOPLIST_FILE = Africa/Info.plist;
				IPHONEOS_DEPLOYMENT_TARGET = 14.0;
				LD_RUNPATH_SEARCH_PATHS = (
					"$(inherited)",
					"@executable_path/Frameworks",
				);
				PRODUCT_BUNDLE_IDENTIFIER = dev.marcosbarbosa.Africa;
				PRODUCT_NAME = "$(TARGET_NAME)";
				SWIFT_VERSION = 5.0;
				TARGETED_DEVICE_FAMILY = "1,2";
			};
			name = Debug;
		};
		CDB9EA6725D8B47D00596500 /* Release */ = {
			isa = XCBuildConfiguration;
			buildSettings = {
				ASSETCATALOG_COMPILER_APPICON_NAME = AppIcon;
				ASSETCATALOG_COMPILER_GLOBAL_ACCENT_COLOR_NAME = AccentColor;
				CODE_SIGN_STYLE = Automatic;
				DEVELOPMENT_ASSET_PATHS = "\"Africa/Preview Content\"";
				DEVELOPMENT_TEAM = L682628XMT;
				ENABLE_PREVIEWS = YES;
				INFOPLIST_FILE = Africa/Info.plist;
				IPHONEOS_DEPLOYMENT_TARGET = 14.0;
				LD_RUNPATH_SEARCH_PATHS = (
					"$(inherited)",
					"@executable_path/Frameworks",
				);
				PRODUCT_BUNDLE_IDENTIFIER = dev.marcosbarbosa.Africa;
				PRODUCT_NAME = "$(TARGET_NAME)";
				SWIFT_VERSION = 5.0;
				TARGETED_DEVICE_FAMILY = "1,2";
			};
			name = Release;
		};
/* End XCBuildConfiguration section */

/* Begin XCConfigurationList section */
		CDB9EA5125D8B47B00596500 /* Build configuration list for PBXProject "Africa" */ = {
			isa = XCConfigurationList;
			buildConfigurations = (
				CDB9EA6325D8B47D00596500 /* Debug */,
				CDB9EA6425D8B47D00596500 /* Release */,
			);
			defaultConfigurationIsVisible = 0;
			defaultConfigurationName = Release;
		};
		CDB9EA6525D8B47D00596500 /* Build configuration list for PBXNativeTarget "Africa" */ = {
			isa = XCConfigurationList;
			buildConfigurations = (
				CDB9EA6625D8B47D00596500 /* Debug */,
				CDB9EA6725D8B47D00596500 /* Release */,
			);
			defaultConfigurationIsVisible = 0;
			defaultConfigurationName = Release;
		};
/* End XCConfigurationList section */
	};
	rootObject = CDB9EA4E25D8B47B00596500 /* Project object */;
}
